
Microsoft Visual Studio Solution File, Format Version 12.00
# Visual Studio Version 17
VisualStudioVersion = 17.10.35027.167
MinimumVisualStudioVersion = 10.0.40219.1
Project("{9A19103F-16F7-4668-BE54-9A1E7A4F7556}") = "DSA", "DSA\DSA.csproj", "{D5A78229-75BB-4FDE-8AE5-9BE5868E18A9}"
EndProject
Project("{2150E333-8FDC-42A3-9474-1A3956D46DE8}") = "Solution Items", "Solution Items", "{1592A6E6-074A-4FD0-868B-A195EE24542C}"
EndProject
Global
	GlobalSection(SolutionConfigurationPlatforms) = preSolution
		Debug|Any CPU = Debug|Any CPU
		Release|Any CPU = Release|Any CPU
	EndGlobalSection
	GlobalSection(ProjectConfigurationPlatforms) = postSolution
		{D5A78229-75BB-4FDE-8AE5-9BE5868E18A9}.Debug|Any CPU.ActiveCfg = Debug|Any CPU
		{D5A78229-75BB-4FDE-8AE5-9BE5868E18A9}.Debug|Any CPU.Build.0 = Debug|Any CPU
		{D5A78229-75BB-4FDE-8AE5-9BE5868E18A9}.Release|Any CPU.ActiveCfg = Release|Any CPU
		{D5A78229-75BB-4FDE-8AE5-9BE5868E18A9}.Release|Any CPU.Build.0 = Release|Any CPU
	EndGlobalSection
	GlobalSection(SolutionProperties) = preSolution
		HideSolutionNode = FALSE
	EndGlobalSection
	GlobalSection(ExtensibilityGlobals) = postSolution
		SolutionGuid = {8CE9597F-3D9F-410B-B388-CB58AA6F5667}
	EndGlobalSection
EndGlobal
